
Microsoft Visual Studio Solution File, Format Version 12.00
# Visual Studio Version 17
VisualStudioVersion = 17.11.35312.102
MinimumVisualStudioVersion = 10.0.40219.1
Project("{FAE04EC0-301F-11D3-BF4B-00C04F79EFBC}") = "QuickSort", "Sorting\QuickSort.csproj", "{1802CBBE-53D4-4DE8-870B-A01291A2B761}"
EndProject
Global
	GlobalSection(SolutionConfigurationPlatforms) = preSolution
		Debug|Any CPU = Debug|Any CPU
		Release|Any CPU = Release|Any CPU
	EndGlobalSection
	GlobalSection(ProjectConfigurationPlatforms) = postSolution
		{1802CBBE-53D4-4DE8-870B-A01291A2B761}.Debug|Any CPU.ActiveCfg = Debug|Any CPU
		{1802CBBE-53D4-4DE8-870B-A01291A2B761}.Debug|Any CPU.Build.0 = Debug|Any CPU
		{1802CBBE-53D4-4DE8-870B-A01291A2B761}.Release|Any CPU.ActiveCfg = Release|Any CPU
		{1802CBBE-53D4-4DE8-870B-A01291A2B761}.Release|Any CPU.Build.0 = Release|Any CPU
	EndGlobalSection
	GlobalSection(SolutionProperties) = preSolution
		HideSolutionNode = FALSE
	EndGlobalSection
	GlobalSection(ExtensibilityGlobals) = postSolution
		SolutionGuid = {3FCE9323-85AF-4499-B5CD-89E0F252901F}
	EndGlobalSection
EndGlobal
